
Microsoft Visual Studio Solution File, Format Version 12.00
# Visual Studio 15
VisualStudioVersion = 15.0.27428.2037
MinimumVisualStudioVersion = 10.0.40219.1
Project("{FAE04EC0-301F-11D3-BF4B-00C04F79EFBC}") = "DbConnector.Core", "DbConnector.Core\DbConnector.Core.csproj", "{B9E2D732-2B5C-4417-8CE4-107568FF5DEE}"
EndProject
Project("{FAE04EC0-301F-11D3-BF4B-00C04F79EFBC}") = "DbConnector.Example", "DbConnector.Example\DbConnector.Example.csproj", "{9DE2480D-B063-4777-8910-E828258C2CF4}"
EndProject
Global
	GlobalSection(SolutionConfigurationPlatforms) = preSolution
		Debug|Any CPU = Debug|Any CPU
		Release|Any CPU = Release|Any CPU
	EndGlobalSection
	GlobalSection(ProjectConfigurationPlatforms) = postSolution
		{B9E2D732-2B5C-4417-8CE4-107568FF5DEE}.Debug|Any CPU.ActiveCfg = Debug|Any CPU
		{B9E2D732-2B5C-4417-8CE4-107568FF5DEE}.Debug|Any CPU.Build.0 = Debug|Any CPU
		{B9E2D732-2B5C-4417-8CE4-107568FF5DEE}.Release|Any CPU.ActiveCfg = Release|Any CPU
		{B9E2D732-2B5C-4417-8CE4-107568FF5DEE}.Release|Any CPU.Build.0 = Release|Any CPU
		{9DE2480D-B063-4777-8910-E828258C2CF4}.Debug|Any CPU.ActiveCfg = Debug|Any CPU
		{9DE2480D-B063-4777-8910-E828258C2CF4}.Debug|Any CPU.Build.0 = Debug|Any CPU
		{9DE2480D-B063-4777-8910-E828258C2CF4}.Release|Any CPU.ActiveCfg = Release|Any CPU
		{9DE2480D-B063-4777-8910-E828258C2CF4}.Release|Any CPU.Build.0 = Release|Any CPU
	EndGlobalSection
	GlobalSection(SolutionProperties) = preSolution
		HideSolutionNode = FALSE
	EndGlobalSection
	GlobalSection(ExtensibilityGlobals) = postSolution
		SolutionGuid = {8F4D3691-EF7D-4322-84DA-57FC29E0EF5B}
	EndGlobalSection
EndGlobal
